
Microsoft Visual Studio Solution File, Format Version 12.00
# Visual Studio Version 17
VisualStudioVersion = 17.14.36414.22 d17.14
MinimumVisualStudioVersion = 10.0.40219.1
Project("{FAE04EC0-301F-11D3-BF4B-00C04F79EFBC}") = "Empty_Template_ASP.NET_.NET_Framework_4.7.2", "Empty_Template_ASP.NET_.NET_Framework_4.7.2\Empty_Template_ASP.NET_.NET_Framework_4.7.2.csproj", "{246AC691-0404-45D6-B228-78DF2A1B422F}"
EndProject
Global
	GlobalSection(SolutionConfigurationPlatforms) = preSolution
		Debug|Any CPU = Debug|Any CPU
		Release|Any CPU = Release|Any CPU
	EndGlobalSection
	GlobalSection(ProjectConfigurationPlatforms) = postSolution
		{246AC691-0404-45D6-B228-78DF2A1B422F}.Debug|Any CPU.ActiveCfg = Debug|Any CPU
		{246AC691-0404-45D6-B228-78DF2A1B422F}.Debug|Any CPU.Build.0 = Debug|Any CPU
		{246AC691-0404-45D6-B228-78DF2A1B422F}.Release|Any CPU.ActiveCfg = Release|Any CPU
		{246AC691-0404-45D6-B228-78DF2A1B422F}.Release|Any CPU.Build.0 = Release|Any CPU
	EndGlobalSection
	GlobalSection(SolutionProperties) = preSolution
		HideSolutionNode = FALSE
	EndGlobalSection
	GlobalSection(ExtensibilityGlobals) = postSolution
		SolutionGuid = {DD1D7DD7-A3D5-45EB-8DBF-7C47DD557936}
	EndGlobalSection
EndGlobal
